// !$*UTF8*$!
{
	archiveVersion = 1;
	classes = {
	};
	objectVersion = 46;
	objects = {

/* Begin PBXFileReference section */
		F40F4EB318F43D240073CE99 /* finish_radolan_clustering.py */ = {isa = PBXFileReference; lastKnownFileType = text.script.python; path = finish_radolan_clustering.py; sourceTree = "<group>"; };
		F44C8E6F18F6A379008CDB4E /* show_all.html */ = {isa = PBXFileReference; lastKnownFileType = text.html; path = show_all.html; sourceTree = "<group>"; };
		F44C8E7118F6A379008CDB4E /* colorbox.css */ = {isa = PBXFileReference; lastKnownFileType = text.css; path = colorbox.css; sourceTree = "<group>"; };
		F44C8E7318F6A379008CDB4E /* border.png */ = {isa = PBXFileReference; lastKnownFileType = image.png; path = border.png; sourceTree = "<group>"; };
		F44C8E7418F6A379008CDB4E /* controls.png */ = {isa = PBXFileReference; lastKnownFileType = image.png; path = controls.png; sourceTree = "<group>"; };
		F44C8E7518F6A379008CDB4E /* loading.gif */ = {isa = PBXFileReference; lastKnownFileType = image.gif; path = loading.gif; sourceTree = "<group>"; };
		F44C8E7618F6A379008CDB4E /* loading_background.png */ = {isa = PBXFileReference; lastKnownFileType = image.png; path = loading_background.png; sourceTree = "<group>"; };
		F44C8E7718F6A379008CDB4E /* overlay.png */ = {isa = PBXFileReference; lastKnownFileType = image.png; path = overlay.png; sourceTree = "<group>"; };
		F44C8E7818F6A379008CDB4E /* jquery-1.11.0.min.js */ = {isa = PBXFileReference; lastKnownFileType = sourcecode.javascript; path = "jquery-1.11.0.min.js"; sourceTree = "<group>"; };
		F44C8E7918F6A379008CDB4E /* jquery.colorbox-min.js */ = {isa = PBXFileReference; lastKnownFileType = sourcecode.javascript; path = "jquery.colorbox-min.js"; sourceTree = "<group>"; };
		F44C92C5189832C900B05E23 /* create_all_oase_loops_2D.sh */ = {isa = PBXFileReference; lastKnownFileType = text.script.sh; path = create_all_oase_loops_2D.sh; sourceTree = "<group>"; };
		F4670B0B18AFEE9000875B79 /* visualize_rico_clusters_2D.py */ = {isa = PBXFileReference; lastKnownFileType = text.script.python; path = visualize_rico_clusters_2D.py; sourceTree = "<group>"; };
		F4670B0C18AFEE9000875B79 /* visualize_rico_clusters_2D.sh */ = {isa = PBXFileReference; lastKnownFileType = text.script.sh; path = visualize_rico_clusters_2D.sh; sourceTree = "<group>"; };
		F46A4717196EF6C5003B4FFB /* multiscale_run_oase-2D.sh */ = {isa = PBXFileReference; lastKnownFileType = text.script.sh; path = "multiscale_run_oase-2D.sh"; sourceTree = "<group>"; };
		F47666D3188E778E002CA240 /* create_composite_loop_2D.py */ = {isa = PBXFileReference; lastKnownFileType = text.script.python; path = create_composite_loop_2D.py; sourceTree = "<group>"; };
		F47666D4188E778E002CA240 /* create_composite_loop_2D.sh */ = {isa = PBXFileReference; lastKnownFileType = text.script.sh; path = create_composite_loop_2D.sh; sourceTree = "<group>"; };
		F490385619338F0C000C2283 /* trackstats-conrad.sh */ = {isa = PBXFileReference; lastKnownFileType = text.script.sh; path = "trackstats-conrad.sh"; sourceTree = "<group>"; };
		F490385719339BB7000C2283 /* plot-conrad-stats.sh */ = {isa = PBXFileReference; lastKnownFileType = text.script.sh; path = "plot-conrad-stats.sh"; sourceTree = "<group>"; };
		F490385819339DB7000C2283 /* plot-stats-comparison.sh */ = {isa = PBXFileReference; lastKnownFileType = text.script.sh; path = "plot-stats-comparison.sh"; sourceTree = "<group>"; };
		F4918FB8189999A700D9E1A6 /* create_all_oase_loops_2D.py */ = {isa = PBXFileReference; lastKnownFileType = text.script.python; path = create_all_oase_loops_2D.py; sourceTree = "<group>"; };
		F49936211733E57700D23B1E /* visit3D.py */ = {isa = PBXFileReference; lastKnownFileType = text.script.python; path = visit3D.py; sourceTree = "<group>"; };
		F49936221733E65500D23B1E /* visitUtils.py */ = {isa = PBXFileReference; lastKnownFileType = text.script.python; path = visitUtils.py; sourceTree = "<group>"; };
		F4A0888C1934A9F300F967A8 /* trackstats-compare.sh */ = {isa = PBXFileReference; lastKnownFileType = text.script.sh; path = "trackstats-compare.sh"; sourceTree = "<group>"; };
		F4A0888D1934D97400F967A8 /* visualize_conrad_tracks.py */ = {isa = PBXFileReference; lastKnownFileType = text.script.python; path = visualize_conrad_tracks.py; sourceTree = "<group>"; };
		F4A0888E1934D97400F967A8 /* visualize_conrad_tracks.sh */ = {isa = PBXFileReference; lastKnownFileType = text.script.sh; path = visualize_conrad_tracks.sh; sourceTree = "<group>"; };
		F4A0888F1934D97400F967A8 /* visualize_radolan_tracks.py */ = {isa = PBXFileReference; lastKnownFileType = text.script.python; path = visualize_radolan_tracks.py; sourceTree = "<group>"; };
		F4A088901934D97400F967A8 /* visualize_radolan_tracks.sh */ = {isa = PBXFileReference; lastKnownFileType = text.script.sh; path = visualize_radolan_tracks.sh; sourceTree = "<group>"; };
		F4B4B20118AE2590001384F2 /* run_rico_tracking_2D.py */ = {isa = PBXFileReference; lastKnownFileType = text.script.python; path = run_rico_tracking_2D.py; sourceTree = "<group>"; };
		F4B4B20218AE2590001384F2 /* run_rico_tracking_2D.sh */ = {isa = PBXFileReference; lastKnownFileType = text.script.sh; path = run_rico_tracking_2D.sh; sourceTree = "<group>"; };
		F4B8C8401920D15000B00CDA /* run_oase_tracking-3D.py */ = {isa = PBXFileReference; lastKnownFileType = text.script.python; path = "run_oase_tracking-3D.py"; sourceTree = "<group>"; };
		F4B8C8411920D15000B00CDA /* run_oase_tracking-3D.sh */ = {isa = PBXFileReference; lastKnownFileType = text.script.sh; path = "run_oase_tracking-3D.sh"; sourceTree = "<group>"; };
		F4B8C8421920D2CC00B00CDA /* visualize_oase_clusters-3D.py */ = {isa = PBXFileReference; lastKnownFileType = text.script.python; path = "visualize_oase_clusters-3D.py"; sourceTree = "<group>"; };
		F4B8C8431920D2CC00B00CDA /* visualize_oase_clusters-3D.sh */ = {isa = PBXFileReference; lastKnownFileType = text.script.sh; path = "visualize_oase_clusters-3D.sh"; sourceTree = "<group>"; };
		F4B8C8441920DC6800B00CDA /* multiscale_run_oase-3D.sh */ = {isa = PBXFileReference; lastKnownFileType = text.script.sh; path = "multiscale_run_oase-3D.sh"; sourceTree = "<group>"; };
		F4B8C8451920DC6E00B00CDA /* multiscale_run_RX-2D.sh */ = {isa = PBXFileReference; lastKnownFileType = text.script.sh; path = "multiscale_run_RX-2D.sh"; sourceTree = "<group>"; };
		F4C9F0F819487FEA004F810C /* plot_scale_comparison.sh */ = {isa = PBXFileReference; lastKnownFileType = text.script.sh; path = plot_scale_comparison.sh; sourceTree = "<group>"; };
		F4C9F34B187AE2C8005E011A /* meanie3D.py */ = {isa = PBXFileReference; lastKnownFileType = text.script.python; path = meanie3D.py; sourceTree = "<group>"; };
		F4E3F979191942B000CF524D /* plot-stats.sh */ = {isa = PBXFileReference; lastKnownFileType = text.script.sh; path = "plot-stats.sh"; sourceTree = "<group>"; };
		F4E3F97A191942B000CF524D /* trackstats.sh */ = {isa = PBXFileReference; lastKnownFileType = text.script.sh; path = trackstats.sh; sourceTree = "<group>"; };
		F4EB0D881965A90E008BADC3 /* visualize_tb4_2D.py */ = {isa = PBXFileReference; lastKnownFileType = text.script.python; path = visualize_tb4_2D.py; sourceTree = "<group>"; };
		F4EB0D891965A90E008BADC3 /* visualize_tb4_2D.sh */ = {isa = PBXFileReference; lastKnownFileType = text.script.sh; path = visualize_tb4_2D.sh; sourceTree = "<group>"; };
		F4ECD594191C0E880001F0F3 /* multiscale_run_RX-2D.sh */ = {isa = PBXFileReference; lastKnownFileType = text.script.sh; path = "multiscale_run_RX-2D.sh"; sourceTree = "<group>"; };
		F4FA4E7E17312E420070400B /* visit2D.py */ = {isa = PBXFileReference; lastKnownFileType = text.script.python; path = visit2D.py; sourceTree = "<group>"; };
		F4FA807F188D29BC00C426C5 /* run_clustering_complete-2D.py */ = {isa = PBXFileReference; lastKnownFileType = text.script.python; path = "run_clustering_complete-2D.py"; sourceTree = "<group>"; };
		F4FA8080188D29BC00C426C5 /* run_clustering_complete-2D.sh */ = {isa = PBXFileReference; lastKnownFileType = text.script.sh; path = "run_clustering_complete-2D.sh"; sourceTree = "<group>"; };
		F4FA8082188D29BC00C426C5 /* create_oase_loop_2D.py */ = {isa = PBXFileReference; lastKnownFileType = text.script.python; path = create_oase_loop_2D.py; sourceTree = "<group>"; };
		F4FA8083188D29BC00C426C5 /* create_oase_loop_2D.sh */ = {isa = PBXFileReference; lastKnownFileType = text.script.sh; path = create_oase_loop_2D.sh; sourceTree = "<group>"; };
		F4FA8084188D29BC00C426C5 /* create_radolan_loop.py */ = {isa = PBXFileReference; lastKnownFileType = text.script.python; path = create_radolan_loop.py; sourceTree = "<group>"; };
		F4FA8085188D29BC00C426C5 /* create_radolan_loop.sh */ = {isa = PBXFileReference; lastKnownFileType = text.script.sh; path = create_radolan_loop.sh; sourceTree = "<group>"; };
		F4FA8088188D29BC00C426C5 /* run_tb4_clustering.sh */ = {isa = PBXFileReference; lastKnownFileType = text.script.sh; path = run_tb4_clustering.sh; sourceTree = "<group>"; };
		F4FA808A188D29BC00C426C5 /* run_oase_tracking-2D.py */ = {isa = PBXFileReference; lastKnownFileType = text.script.python; path = "run_oase_tracking-2D.py"; sourceTree = "<group>"; };
		F4FA808B188D29BC00C426C5 /* run_oase_tracking-2D.sh */ = {isa = PBXFileReference; lastKnownFileType = text.script.sh; path = "run_oase_tracking-2D.sh"; sourceTree = "<group>"; };
		F4FA808C188D29BC00C426C5 /* run_tracking-2D.py */ = {isa = PBXFileReference; lastKnownFileType = text.script.python; path = "run_tracking-2D.py"; sourceTree = "<group>"; };
		F4FA808D188D29BC00C426C5 /* run_tracking-2D.sh */ = {isa = PBXFileReference; lastKnownFileType = text.script.sh; path = "run_tracking-2D.sh"; sourceTree = "<group>"; };
		F4FA808E188D29BC00C426C5 /* run_tracking-3D.py */ = {isa = PBXFileReference; lastKnownFileType = text.script.python; path = "run_tracking-3D.py"; sourceTree = "<group>"; };
		F4FA808F188D29BC00C426C5 /* run_tracking-3D.sh */ = {isa = PBXFileReference; lastKnownFileType = text.script.sh; path = "run_tracking-3D.sh"; sourceTree = "<group>"; };
		F4FA8091188D29BC00C426C5 /* visualize_cluster_weights_2D.py */ = {isa = PBXFileReference; lastKnownFileType = text.script.python; path = visualize_cluster_weights_2D.py; sourceTree = "<group>"; };
		F4FA8092188D29BC00C426C5 /* visualize_cluster_weights_2D.sh */ = {isa = PBXFileReference; lastKnownFileType = text.script.sh; path = visualize_cluster_weights_2D.sh; sourceTree = "<group>"; };
		F4FA8093188D29BC00C426C5 /* visualize_cluster_weights_3D.py */ = {isa = PBXFileReference; lastKnownFileType = text.script.python; path = visualize_cluster_weights_3D.py; sourceTree = "<group>"; };
		F4FA8094188D29BC00C426C5 /* visualize_cluster_weights_3D.sh */ = {isa = PBXFileReference; lastKnownFileType = text.script.sh; path = visualize_cluster_weights_3D.sh; sourceTree = "<group>"; };
		F4FA8095188D29BC00C426C5 /* visualize_clusters.sh */ = {isa = PBXFileReference; lastKnownFileType = text.script.sh; path = visualize_clusters.sh; sourceTree = "<group>"; };
		F4FA8096188D29BC00C426C5 /* visualize_clusters_2D.py */ = {isa = PBXFileReference; lastKnownFileType = text.script.python; path = visualize_clusters_2D.py; sourceTree = "<group>"; };
		F4FA8097188D29BC00C426C5 /* visualize_clusters_2D.sh */ = {isa = PBXFileReference; lastKnownFileType = text.script.sh; path = visualize_clusters_2D.sh; sourceTree = "<group>"; };
		F4FA8098188D29BC00C426C5 /* visualize_clusters_3D.py */ = {isa = PBXFileReference; lastKnownFileType = text.script.python; path = visualize_clusters_3D.py; sourceTree = "<group>"; };
		F4FA8099188D29BC00C426C5 /* visualize_clusters_3D.sh */ = {isa = PBXFileReference; lastKnownFileType = text.script.sh; path = visualize_clusters_3D.sh; sourceTree = "<group>"; };
		F4FA809A188D29BC00C426C5 /* visualize_oase_clusters_2D.py */ = {isa = PBXFileReference; lastKnownFileType = text.script.python; path = visualize_oase_clusters_2D.py; sourceTree = "<group>"; };
		F4FA809B188D29BC00C426C5 /* visualize_oase_clusters_2D.sh */ = {isa = PBXFileReference; lastKnownFileType = text.script.sh; path = visualize_oase_clusters_2D.sh; sourceTree = "<group>"; };
		F4FA809C188D29BC00C426C5 /* visualize_oase_weights.py */ = {isa = PBXFileReference; lastKnownFileType = text.script.python; path = visualize_oase_weights.py; sourceTree = "<group>"; };
		F4FA809D188D29BC00C426C5 /* visualize_oase_weights.sh */ = {isa = PBXFileReference; lastKnownFileType = text.script.sh; path = visualize_oase_weights.sh; sourceTree = "<group>"; };
		F4FA809E188D29BC00C426C5 /* visualize_tracked_clusters.sh */ = {isa = PBXFileReference; lastKnownFileType = text.script.sh; path = visualize_tracked_clusters.sh; sourceTree = "<group>"; };
		F4FA809F188D29BC00C426C5 /* visualize_tracked_clusters.template */ = {isa = PBXFileReference; lastKnownFileType = text.script.python; path = visualize_tracked_clusters.template; sourceTree = "<group>"; };
/* End PBXFileReference section */

/* Begin PBXGroup section */
		F44C8E6E18F6A379008CDB4E /* html */ = {
			isa = PBXGroup;
			children = (
				F44C8E6F18F6A379008CDB4E /* show_all.html */,
				F44C8E7018F6A379008CDB4E /* web */,
			);
			path = html;
			sourceTree = "<group>";
		};
		F44C8E7018F6A379008CDB4E /* web */ = {
			isa = PBXGroup;
			children = (
				F44C8E7118F6A379008CDB4E /* colorbox.css */,
				F44C8E7218F6A379008CDB4E /* images */,
				F44C8E7818F6A379008CDB4E /* jquery-1.11.0.min.js */,
				F44C8E7918F6A379008CDB4E /* jquery.colorbox-min.js */,
			);
			path = web;
			sourceTree = "<group>";
		};
		F44C8E7218F6A379008CDB4E /* images */ = {
			isa = PBXGroup;
			children = (
				F44C8E7318F6A379008CDB4E /* border.png */,
				F44C8E7418F6A379008CDB4E /* controls.png */,
				F44C8E7518F6A379008CDB4E /* loading.gif */,
				F44C8E7618F6A379008CDB4E /* loading_background.png */,
				F44C8E7718F6A379008CDB4E /* overlay.png */,
			);
			path = images;
			sourceTree = "<group>";
		};
		F4907905173117BF001E9D17 = {
			isa = PBXGroup;
			children = (
				F40F4EB318F43D240073CE99 /* finish_radolan_clustering.py */,
				F4E3F978191942B000CF524D /* statistics */,
				F4FA4E7D17312E420070400B /* modules */,
				F4FA807E188D29BC00C426C5 /* clustering */,
				F4FA8081188D29BC00C426C5 /* loops */,
				F4FA8086188D29BC00C426C5 /* tb4 */,
				F4FA8089188D29BC00C426C5 /* tracking */,
				F4FA8090188D29BC00C426C5 /* visualize_results */,
				F44C8E6E18F6A379008CDB4E /* html */,
			);
			sourceTree = "<group>";
		};
		F4E3F978191942B000CF524D /* statistics */ = {
			isa = PBXGroup;
			children = (
				F4C9F0F819487FEA004F810C /* plot_scale_comparison.sh */,
				F4E3F97A191942B000CF524D /* trackstats.sh */,
				F4E3F979191942B000CF524D /* plot-stats.sh */,
				F490385619338F0C000C2283 /* trackstats-conrad.sh */,
				F4A0888C1934A9F300F967A8 /* trackstats-compare.sh */,
				F490385719339BB7000C2283 /* plot-conrad-stats.sh */,
				F490385819339DB7000C2283 /* plot-stats-comparison.sh */,
			);
			path = statistics;
			sourceTree = "<group>";
		};
		F4FA4E7D17312E420070400B /* modules */ = {
			isa = PBXGroup;
			children = (
				F4FA4E7E17312E420070400B /* visit2D.py */,
				F49936211733E57700D23B1E /* visit3D.py */,
				F49936221733E65500D23B1E /* visitUtils.py */,
				F4C9F34B187AE2C8005E011A /* meanie3D.py */,
			);
			path = modules;
			sourceTree = "<group>";
		};
		F4FA807E188D29BC00C426C5 /* clustering */ = {
			isa = PBXGroup;
			children = (
				F4FA807F188D29BC00C426C5 /* run_clustering_complete-2D.py */,
				F4FA8080188D29BC00C426C5 /* run_clustering_complete-2D.sh */,
			);
			path = clustering;
			sourceTree = "<group>";
		};
		F4FA8081188D29BC00C426C5 /* loops */ = {
			isa = PBXGroup;
			children = (
				F44C92C5189832C900B05E23 /* create_all_oase_loops_2D.sh */,
				F4918FB8189999A700D9E1A6 /* create_all_oase_loops_2D.py */,
				F4FA8082188D29BC00C426C5 /* create_oase_loop_2D.py */,
				F4FA8083188D29BC00C426C5 /* create_oase_loop_2D.sh */,
				F4FA8084188D29BC00C426C5 /* create_radolan_loop.py */,
				F4FA8085188D29BC00C426C5 /* create_radolan_loop.sh */,
				F47666D3188E778E002CA240 /* create_composite_loop_2D.py */,
				F47666D4188E778E002CA240 /* create_composite_loop_2D.sh */,
			);
			path = loops;
			sourceTree = "<group>";
		};
		F4FA8086188D29BC00C426C5 /* tb4 */ = {
			isa = PBXGroup;
			children = (
				F4EB0D891965A90E008BADC3 /* visualize_tb4_2D.sh */,
				F4EB0D881965A90E008BADC3 /* visualize_tb4_2D.py */,
				F4FA8088188D29BC00C426C5 /* run_tb4_clustering.sh */,
			);
			path = tb4;
			sourceTree = "<group>";
		};
		F4FA8089188D29BC00C426C5 /* tracking */ = {
			isa = PBXGroup;
			children = (
				F4FA808A188D29BC00C426C5 /* run_oase_tracking-2D.py */,
				F4FA808B188D29BC00C426C5 /* run_oase_tracking-2D.sh */,
				F4FA808C188D29BC00C426C5 /* run_tracking-2D.py */,
				F4FA808D188D29BC00C426C5 /* run_tracking-2D.sh */,
				F4FA808E188D29BC00C426C5 /* run_tracking-3D.py */,
				F4FA808F188D29BC00C426C5 /* run_tracking-3D.sh */,
				F4B4B20118AE2590001384F2 /* run_rico_tracking_2D.py */,
				F4B4B20218AE2590001384F2 /* run_rico_tracking_2D.sh */,
				F4ECD594191C0E880001F0F3 /* multiscale_run_RX-2D.sh */,
				F46A4717196EF6C5003B4FFB /* multiscale_run_oase-2D.sh */,
				F4B8C8441920DC6800B00CDA /* multiscale_run_oase-3D.sh */,
				F4B8C8401920D15000B00CDA /* run_oase_tracking-3D.py */,
				F4B8C8411920D15000B00CDA /* run_oase_tracking-3D.sh */,
				F4B8C8451920DC6E00B00CDA /* multiscale_run_RX-2D.sh */,
			);
			path = tracking;
			sourceTree = "<group>";
		};
		F4FA8090188D29BC00C426C5 /* visualize_results */ = {
			isa = PBXGroup;
			children = (
				F4FA8091188D29BC00C426C5 /* visualize_cluster_weights_2D.py */,
				F4FA8092188D29BC00C426C5 /* visualize_cluster_weights_2D.sh */,
				F4FA8093188D29BC00C426C5 /* visualize_cluster_weights_3D.py */,
				F4FA8094188D29BC00C426C5 /* visualize_cluster_weights_3D.sh */,
				F4FA8095188D29BC00C426C5 /* visualize_clusters.sh */,
				F4FA8096188D29BC00C426C5 /* visualize_clusters_2D.py */,
				F4FA8097188D29BC00C426C5 /* visualize_clusters_2D.sh */,
				F4FA8098188D29BC00C426C5 /* visualize_clusters_3D.py */,
				F4FA8099188D29BC00C426C5 /* visualize_clusters_3D.sh */,
				F4FA809B188D29BC00C426C5 /* visualize_oase_clusters_2D.sh */,
				F4FA809A188D29BC00C426C5 /* visualize_oase_clusters_2D.py */,
				F4FA809C188D29BC00C426C5 /* visualize_oase_weights.py */,
				F4FA809D188D29BC00C426C5 /* visualize_oase_weights.sh */,
				F4FA809E188D29BC00C426C5 /* visualize_tracked_clusters.sh */,
				F4FA809F188D29BC00C426C5 /* visualize_tracked_clusters.template */,
				F4670B0B18AFEE9000875B79 /* visualize_rico_clusters_2D.py */,
				F4670B0C18AFEE9000875B79 /* visualize_rico_clusters_2D.sh */,
				F4B8C8421920D2CC00B00CDA /* visualize_oase_clusters-3D.py */,
				F4B8C8431920D2CC00B00CDA /* visualize_oase_clusters-3D.sh */,
				F4A0888D1934D97400F967A8 /* visualize_conrad_tracks.py */,
				F4A0888E1934D97400F967A8 /* visualize_conrad_tracks.sh */,
				F4A0888F1934D97400F967A8 /* visualize_radolan_tracks.py */,
				F4A088901934D97400F967A8 /* visualize_radolan_tracks.sh */,
			);
			path = visualize_results;
			sourceTree = "<group>";
		};
/* End PBXGroup section */

/* Begin PBXProject section */
		F4907907173117BF001E9D17 /* Project object */ = {
			isa = PBXProject;
			attributes = {
				LastUpgradeCheck = 0450;
			};
			buildConfigurationList = F490790A173117BF001E9D17 /* Build configuration list for PBXProject "Visualization" */;
			compatibilityVersion = "Xcode 3.2";
			developmentRegion = English;
			hasScannedForEncodings = 0;
			knownRegions = (
				en,
			);
			mainGroup = F4907905173117BF001E9D17;
			projectDirPath = "";
			projectRoot = "";
			targets = (
			);
		};
/* End PBXProject section */

/* Begin XCBuildConfiguration section */
		F490790C173117BF001E9D17 /* Debug */ = {
			isa = XCBuildConfiguration;
			buildSettings = {
			};
			name = Debug;
		};
		F490790D173117BF001E9D17 /* Release */ = {
			isa = XCBuildConfiguration;
			buildSettings = {
			};
			name = Release;
		};
/* End XCBuildConfiguration section */

/* Begin XCConfigurationList section */
		F490790A173117BF001E9D17 /* Build configuration list for PBXProject "Visualization" */ = {
			isa = XCConfigurationList;
			buildConfigurations = (
				F490790C173117BF001E9D17 /* Debug */,
				F490790D173117BF001E9D17 /* Release */,
			);
			defaultConfigurationIsVisible = 0;
			defaultConfigurationName = Release;
		};
/* End XCConfigurationList section */
	};
	rootObject = F4907907173117BF001E9D17 /* Project object */;
}
